
Microsoft Visual Studio Solution File, Format Version 12.00
# Visual Studio Version 17
VisualStudioVersion = 17.0.31903.59
MinimumVisualStudioVersion = 10.0.40219.1
Project("{FAE04EC0-301F-11D3-BF4B-00C04F79EFBC}") = "SocialAPI.API", "SocialAPI.API\SocialAPI.API.csproj", "{54363DF6-ED64-40F4-8160-036D4A0B79D8}"
EndProject
Project("{FAE04EC0-301F-11D3-BF4B-00C04F79EFBC}") = "SocialAPI.Application", "SocialAPI.Application\SocialAPI.Application.csproj", "{AE4F6C24-8A00-4422-A269-8E0621B998C6}"
EndProject
Project("{FAE04EC0-301F-11D3-BF4B-00C04F79EFBC}") = "SocialAPI.Domain", "SocialAPI.Domain\SocialAPI.Domain.csproj", "{600332D4-8323-4C36-ACB5-21847C8104A9}"
EndProject
Project("{FAE04EC0-301F-11D3-BF4B-00C04F79EFBC}") = "SocialAPI.Infrastructure", "SocialAPI.Infrastructure\SocialAPI.Infrastructure.csproj", "{14E7A954-93E7-4727-B9B4-0409ADEB40B5}"
EndProject
Global
	GlobalSection(SolutionConfigurationPlatforms) = preSolution
		Debug|Any CPU = Debug|Any CPU
		Release|Any CPU = Release|Any CPU
	EndGlobalSection
	GlobalSection(SolutionProperties) = preSolution
		HideSolutionNode = FALSE
	EndGlobalSection
	GlobalSection(ProjectConfigurationPlatforms) = postSolution
		{54363DF6-ED64-40F4-8160-036D4A0B79D8}.Debug|Any CPU.ActiveCfg = Debug|Any CPU
		{54363DF6-ED64-40F4-8160-036D4A0B79D8}.Debug|Any CPU.Build.0 = Debug|Any CPU
		{54363DF6-ED64-40F4-8160-036D4A0B79D8}.Release|Any CPU.ActiveCfg = Release|Any CPU
		{54363DF6-ED64-40F4-8160-036D4A0B79D8}.Release|Any CPU.Build.0 = Release|Any CPU
		{AE4F6C24-8A00-4422-A269-8E0621B998C6}.Debug|Any CPU.ActiveCfg = Debug|Any CPU
		{AE4F6C24-8A00-4422-A269-8E0621B998C6}.Debug|Any CPU.Build.0 = Debug|Any CPU
		{AE4F6C24-8A00-4422-A269-8E0621B998C6}.Release|Any CPU.ActiveCfg = Release|Any CPU
		{AE4F6C24-8A00-4422-A269-8E0621B998C6}.Release|Any CPU.Build.0 = Release|Any CPU
		{600332D4-8323-4C36-ACB5-21847C8104A9}.Debug|Any CPU.ActiveCfg = Debug|Any CPU
		{600332D4-8323-4C36-ACB5-21847C8104A9}.Debug|Any CPU.Build.0 = Debug|Any CPU
		{600332D4-8323-4C36-ACB5-21847C8104A9}.Release|Any CPU.ActiveCfg = Release|Any CPU
		{600332D4-8323-4C36-ACB5-21847C8104A9}.Release|Any CPU.Build.0 = Release|Any CPU
		{14E7A954-93E7-4727-B9B4-0409ADEB40B5}.Debug|Any CPU.ActiveCfg = Debug|Any CPU
		{14E7A954-93E7-4727-B9B4-0409ADEB40B5}.Debug|Any CPU.Build.0 = Debug|Any CPU
		{14E7A954-93E7-4727-B9B4-0409ADEB40B5}.Release|Any CPU.ActiveCfg = Release|Any CPU
		{14E7A954-93E7-4727-B9B4-0409ADEB40B5}.Release|Any CPU.Build.0 = Release|Any CPU
	EndGlobalSection
EndGlobal
